// !$*UTF8*$!
{
	archiveVersion = 1;
	classes = {
	};
	objectVersion = 50;
	objects = {

/* Begin PBXBuildFile section */
		2887FB3721D3F1E100EEE280 /* AppDelegate.swift in Sources */ = {isa = PBXBuildFile; fileRef = 2887FB3621D3F1E100EEE280 /* AppDelegate.swift */; };
		2887FB3921D3F1E100EEE280 /* ViewController.swift in Sources */ = {isa = PBXBuildFile; fileRef = 2887FB3821D3F1E100EEE280 /* ViewController.swift */; };
		2887FB3C21D3F1E100EEE280 /* Main.storyboard in Resources */ = {isa = PBXBuildFile; fileRef = 2887FB3A21D3F1E100EEE280 /* Main.storyboard */; };
		2887FB3E21D3F1E200EEE280 /* Assets.xcassets in Resources */ = {isa = PBXBuildFile; fileRef = 2887FB3D21D3F1E200EEE280 /* Assets.xcassets */; };
		2887FB4121D3F1E200EEE280 /* LaunchScreen.storyboard in Resources */ = {isa = PBXBuildFile; fileRef = 2887FB3F21D3F1E200EEE280 /* LaunchScreen.storyboard */; };
		2887FB4C21D3F1E200EEE280 /* test2Tests.swift in Sources */ = {isa = PBXBuildFile; fileRef = 2887FB4B21D3F1E200EEE280 /* test2Tests.swift */; };
		2887FB5721D3F1E200EEE280 /* test2UITests.swift in Sources */ = {isa = PBXBuildFile; fileRef = 2887FB5621D3F1E200EEE280 /* test2UITests.swift */; };
/* End PBXBuildFile section */

/* Begin PBXContainerItemProxy section */
		2887FB4821D3F1E200EEE280 /* PBXContainerItemProxy */ = {
			isa = PBXContainerItemProxy;
			containerPortal = 2887FB2B21D3F1E100EEE280 /* Project object */;
			proxyType = 1;
			remoteGlobalIDString = 2887FB3221D3F1E100EEE280;
			remoteInfo = test2;
		};
		2887FB5321D3F1E200EEE280 /* PBXContainerItemProxy */ = {
			isa = PBXContainerItemProxy;
			containerPortal = 2887FB2B21D3F1E100EEE280 /* Project object */;
			proxyType = 1;
			remoteGlobalIDString = 2887FB3221D3F1E100EEE280;
			remoteInfo = test2;
		};
/* End PBXContainerItemProxy section */

/* Begin PBXFileReference section */
		2887FB3321D3F1E100EEE280 /* test2.app */ = {isa = PBXFileReference; explicitFileType = wrapper.application; includeInIndex = 0; path = test2.app; sourceTree = BUILT_PRODUCTS_DIR; };
		2887FB3621D3F1E100EEE280 /* AppDelegate.swift */ = {isa = PBXFileReference; lastKnownFileType = sourcecode.swift; path = AppDelegate.swift; sourceTree = "<group>"; };
		2887FB3821D3F1E100EEE280 /* ViewController.swift */ = {isa = PBXFileReference; lastKnownFileType = sourcecode.swift; path = ViewController.swift; sourceTree = "<group>"; };
		2887FB3B21D3F1E100EEE280 /* Base */ = {isa = PBXFileReference; lastKnownFileType = file.storyboard; name = Base; path = Base.lproj/Main.storyboard; sourceTree = "<group>"; };
		2887FB3D21D3F1E200EEE280 /* Assets.xcassets */ = {isa = PBXFileReference; lastKnownFileType = folder.assetcatalog; path = Assets.xcassets; sourceTree = "<group>"; };
		2887FB4021D3F1E200EEE280 /* Base */ = {isa = PBXFileReference; lastKnownFileType = file.storyboard; name = Base; path = Base.lproj/LaunchScreen.storyboard; sourceTree = "<group>"; };
		2887FB4221D3F1E200EEE280 /* Info.plist */ = {isa = PBXFileReference; lastKnownFileType = text.plist.xml; path = Info.plist; sourceTree = "<group>"; };
		2887FB4721D3F1E200EEE280 /* test2Tests.xctest */ = {isa = PBXFileReference; explicitFileType = wrapper.cfbundle; includeInIndex = 0; path = test2Tests.xctest; sourceTree = BUILT_PRODUCTS_DIR; };
		2887FB4B21D3F1E200EEE280 /* test2Tests.swift */ = {isa = PBXFileReference; lastKnownFileType = sourcecode.swift; path = test2Tests.swift; sourceTree = "<group>"; };
		2887FB4D21D3F1E200EEE280 /* Info.plist */ = {isa = PBXFileReference; lastKnownFileType = text.plist.xml; path = Info.plist; sourceTree = "<group>"; };
		2887FB5221D3F1E200EEE280 /* test2UITests.xctest */ = {isa = PBXFileReference; explicitFileType = wrapper.cfbundle; includeInIndex = 0; path = test2UITests.xctest; sourceTree = BUILT_PRODUCTS_DIR; };
		2887FB5621D3F1E200EEE280 /* test2UITests.swift */ = {isa = PBXFileReference; lastKnownFileType = sourcecode.swift; path = test2UITests.swift; sourceTree = "<group>"; };
		2887FB5821D3F1E200EEE280 /* Info.plist */ = {isa = PBXFileReference; lastKnownFileType = text.plist.xml; path = Info.plist; sourceTree = "<group>"; };
/* End PBXFileReference section */

/* Begin PBXFrameworksBuildPhase section */
		2887FB3021D3F1E100EEE280 /* Frameworks */ = {
			isa = PBXFrameworksBuildPhase;
			buildActionMask = 2147483647;
			files = (
			);
			runOnlyForDeploymentPostprocessing = 0;
		};
		2887FB4421D3F1E200EEE280 /* Frameworks */ = {
			isa = PBXFrameworksBuildPhase;
			buildActionMask = 2147483647;
			files = (
			);
			runOnlyForDeploymentPostprocessing = 0;
		};
		2887FB4F21D3F1E200EEE280 /* Frameworks */ = {
			isa = PBXFrameworksBuildPhase;
			buildActionMask = 2147483647;
			files = (
			);
			runOnlyForDeploymentPostprocessing = 0;
		};
/* End PBXFrameworksBuildPhase section */

/* Begin PBXGroup section */
		2887FB2A21D3F1E100EEE280 = {
			isa = PBXGroup;
			children = (
				2887FB3521D3F1E100EEE280 /* test2 */,
				2887FB4A21D3F1E200EEE280 /* test2Tests */,
				2887FB5521D3F1E200EEE280 /* test2UITests */,
				2887FB3421D3F1E100EEE280 /* Products */,
			);
			sourceTree = "<group>";
		};
		2887FB3421D3F1E100EEE280 /* Products */ = {
			isa = PBXGroup;
			children = (
				2887FB3321D3F1E100EEE280 /* test2.app */,
				2887FB4721D3F1E200EEE280 /* test2Tests.xctest */,
				2887FB5221D3F1E200EEE280 /* test2UITests.xctest */,
			);
			name = Products;
			sourceTree = "<group>";
		};
		2887FB3521D3F1E100EEE280 /* test2 */ = {
			isa = PBXGroup;
			children = (
				2887FB3621D3F1E100EEE280 /* AppDelegate.swift */,
				2887FB3821D3F1E100EEE280 /* ViewController.swift */,
				2887FB3A21D3F1E100EEE280 /* Main.storyboard */,
				2887FB3D21D3F1E200EEE280 /* Assets.xcassets */,
				2887FB3F21D3F1E200EEE280 /* LaunchScreen.storyboard */,
				2887FB4221D3F1E200EEE280 /* Info.plist */,
			);
			path = test2;
			sourceTree = "<group>";
		};
		2887FB4A21D3F1E200EEE280 /* test2Tests */ = {
			isa = PBXGroup;
			children = (
				2887FB4B21D3F1E200EEE280 /* test2Tests.swift */,
				2887FB4D21D3F1E200EEE280 /* Info.plist */,
			);
			path = test2Tests;
			sourceTree = "<group>";
		};
		2887FB5521D3F1E200EEE280 /* test2UITests */ = {
			isa = PBXGroup;
			children = (
				2887FB5621D3F1E200EEE280 /* test2UITests.swift */,
				2887FB5821D3F1E200EEE280 /* Info.plist */,
			);
			path = test2UITests;
			sourceTree = "<group>";
		};
/* End PBXGroup section */

/* Begin PBXNativeTarget section */
		2887FB3221D3F1E100EEE280 /* test2 */ = {
			isa = PBXNativeTarget;
			buildConfigurationList = 2887FB5B21D3F1E200EEE280 /* Build configuration list for PBXNativeTarget "test2" */;
			buildPhases = (
				2887FB2F21D3F1E100EEE280 /* Sources */,
				2887FB3021D3F1E100EEE280 /* Frameworks */,
				2887FB3121D3F1E100EEE280 /* Resources */,
			);
			buildRules = (
			);
			dependencies = (
			);
			name = test2;
			productName = test2;
			productReference = 2887FB3321D3F1E100EEE280 /* test2.app */;
			productType = "com.apple.product-type.application";
		};
		2887FB4621D3F1E200EEE280 /* test2Tests */ = {
			isa = PBXNativeTarget;
			buildConfigurationList = 2887FB5E21D3F1E200EEE280 /* Build configuration list for PBXNativeTarget "test2Tests" */;
			buildPhases = (
				2887FB4321D3F1E200EEE280 /* Sources */,
				2887FB4421D3F1E200EEE280 /* Frameworks */,
				2887FB4521D3F1E200EEE280 /* Resources */,
			);
			buildRules = (
			);
			dependencies = (
				2887FB4921D3F1E200EEE280 /* PBXTargetDependency */,
			);
			name = test2Tests;
			productName = test2Tests;
			productReference = 2887FB4721D3F1E200EEE280 /* test2Tests.xctest */;
			productType = "com.apple.product-type.bundle.unit-test";
		};
		2887FB5121D3F1E200EEE280 /* test2UITests */ = {
			isa = PBXNativeTarget;
			buildConfigurationList = 2887FB6121D3F1E200EEE280 /* Build configuration list for PBXNativeTarget "test2UITests" */;
			buildPhases = (
				2887FB4E21D3F1E200EEE280 /* Sources */,
				2887FB4F21D3F1E200EEE280 /* Frameworks */,
				2887FB5021D3F1E200EEE280 /* Resources */,
			);
			buildRules = (
			);
			dependencies = (
				2887FB5421D3F1E200EEE280 /* PBXTargetDependency */,
			);
			name = test2UITests;
			productName = test2UITests;
			productReference = 2887FB5221D3F1E200EEE280 /* test2UITests.xctest */;
			productType = "com.apple.product-type.bundle.ui-testing";
		};
/* End PBXNativeTarget section */

/* Begin PBXProject section */
		2887FB2B21D3F1E100EEE280 /* Project object */ = {
			isa = PBXProject;
			attributes = {
				LastSwiftUpdateCheck = 1010;
				LastUpgradeCheck = 1010;
				ORGANIZATIONNAME = "Птичка";
				TargetAttributes = {
					2887FB3221D3F1E100EEE280 = {
						CreatedOnToolsVersion = 10.1;
					};
					2887FB4621D3F1E200EEE280 = {
						CreatedOnToolsVersion = 10.1;
						TestTargetID = 2887FB3221D3F1E100EEE280;
					};
					2887FB5121D3F1E200EEE280 = {
						CreatedOnToolsVersion = 10.1;
						TestTargetID = 2887FB3221D3F1E100EEE280;
					};
				};
			};
			buildConfigurationList = 2887FB2E21D3F1E100EEE280 /* Build configuration list for PBXProject "test2" */;
			compatibilityVersion = "Xcode 9.3";
			developmentRegion = en;
			hasScannedForEncodings = 0;
			knownRegions = (
				en,
				Base,
			);
			mainGroup = 2887FB2A21D3F1E100EEE280;
			productRefGroup = 2887FB3421D3F1E100EEE280 /* Products */;
			projectDirPath = "";
			projectRoot = "";
			targets = (
				2887FB3221D3F1E100EEE280 /* test2 */,
				2887FB4621D3F1E200EEE280 /* test2Tests */,
				2887FB5121D3F1E200EEE280 /* test2UITests */,
			);
		};
/* End PBXProject section */

/* Begin PBXResourcesBuildPhase section */
		2887FB3121D3F1E100EEE280 /* Resources */ = {
			isa = PBXResourcesBuildPhase;
			buildActionMask = 2147483647;
			files = (
				2887FB4121D3F1E200EEE280 /* LaunchScreen.storyboard in Resources */,
				2887FB3E21D3F1E200EEE280 /* Assets.xcassets in Resources */,
				2887FB3C21D3F1E100EEE280 /* Main.storyboard in Resources */,
			);
			runOnlyForDeploymentPostprocessing = 0;
		};
		2887FB4521D3F1E200EEE280 /* Resources */ = {
			isa = PBXResourcesBuildPhase;
			buildActionMask = 2147483647;
			files = (
			);
			runOnlyForDeploymentPostprocessing = 0;
		};
		2887FB5021D3F1E200EEE280 /* Resources */ = {
			isa = PBXResourcesBuildPhase;
			buildActionMask = 2147483647;
			files = (
			);
			runOnlyForDeploymentPostprocessing = 0;
		};
/* End PBXResourcesBuildPhase section */

/* Begin PBXSourcesBuildPhase section */
		2887FB2F21D3F1E100EEE280 /* Sources */ = {
			isa = PBXSourcesBuildPhase;
			buildActionMask = 2147483647;
			files = (
				2887FB3921D3F1E100EEE280 /* ViewController.swift in Sources */,
				2887FB3721D3F1E100EEE280 /* AppDelegate.swift in Sources */,
			);
			runOnlyForDeploymentPostprocessing = 0;
		};
		2887FB4321D3F1E200EEE280 /* Sources */ = {
			isa = PBXSourcesBuildPhase;
			buildActionMask = 2147483647;
			files = (
				2887FB4C21D3F1E200EEE280 /* test2Tests.swift in Sources */,
			);
			runOnlyForDeploymentPostprocessing = 0;
		};
		2887FB4E21D3F1E200EEE280 /* Sources */ = {
			isa = PBXSourcesBuildPhase;
			buildActionMask = 2147483647;
			files = (
				2887FB5721D3F1E200EEE280 /* test2UITests.swift in Sources */,
			);
			runOnlyForDeploymentPostprocessing = 0;
		};
/* End PBXSourcesBuildPhase section */

/* Begin PBXTargetDependency section */
		2887FB4921D3F1E200EEE280 /* PBXTargetDependency */ = {
			isa = PBXTargetDependency;
			target = 2887FB3221D3F1E100EEE280 /* test2 */;
			targetProxy = 2887FB4821D3F1E200EEE280 /* PBXContainerItemProxy */;
		};
		2887FB5421D3F1E200EEE280 /* PBXTargetDependency */ = {
			isa = PBXTargetDependency;
			target = 2887FB3221D3F1E100EEE280 /* test2 */;
			targetProxy = 2887FB5321D3F1E200EEE280 /* PBXContainerItemProxy */;
		};
/* End PBXTargetDependency section */

/* Begin PBXVariantGroup section */
		2887FB3A21D3F1E100EEE280 /* Main.storyboard */ = {
			isa = PBXVariantGroup;
			children = (
				2887FB3B21D3F1E100EEE280 /* Base */,
			);
			name = Main.storyboard;
			sourceTree = "<group>";
		};
		2887FB3F21D3F1E200EEE280 /* LaunchScreen.storyboard */ = {
			isa = PBXVariantGroup;
			children = (
				2887FB4021D3F1E200EEE280 /* Base */,
			);
			name = LaunchScreen.storyboard;
			sourceTree = "<group>";
		};
/* End PBXVariantGroup section */

/* Begin XCBuildConfiguration section */
		2887FB5921D3F1E200EEE280 /* Debug */ = {
			isa = XCBuildConfiguration;
			buildSettings = {
				ALWAYS_SEARCH_USER_PATHS = NO;
				CLANG_ANALYZER_NONNULL = YES;
				CLANG_ANALYZER_NUMBER_OBJECT_CONVERSION = YES_AGGRESSIVE;
				CLANG_CXX_LANGUAGE_STANDARD = "gnu++14";
				CLANG_CXX_LIBRARY = "libc++";
				CLANG_ENABLE_MODULES = YES;
				CLANG_ENABLE_OBJC_ARC = YES;
				CLANG_ENABLE_OBJC_WEAK = YES;
				CLANG_WARN_BLOCK_CAPTURE_AUTORELEASING = YES;
				CLANG_WARN_BOOL_CONVERSION = YES;
				CLANG_WARN_COMMA = YES;
				CLANG_WARN_CONSTANT_CONVERSION = YES;
				CLANG_WARN_DEPRECATED_OBJC_IMPLEMENTATIONS = YES;
				CLANG_WARN_DIRECT_OBJC_ISA_USAGE = YES_ERROR;
				CLANG_WARN_DOCUMENTATION_COMMENTS = YES;
				CLANG_WARN_EMPTY_BODY = YES;
				CLANG_WARN_ENUM_CONVERSION = YES;
				CLANG_WARN_INFINITE_RECURSION = YES;
				CLANG_WARN_INT_CONVERSION = YES;
				CLANG_WARN_NON_LITERAL_NULL_CONVERSION = YES;
				CLANG_WARN_OBJC_IMPLICIT_RETAIN_SELF = YES;
				CLANG_WARN_OBJC_LITERAL_CONVERSION = YES;
				CLANG_WARN_OBJC_ROOT_CLASS = YES_ERROR;
				CLANG_WARN_RANGE_LOOP_ANALYSIS = YES;
				CLANG_WARN_STRICT_PROTOTYPES = YES;
				CLANG_WARN_SUSPICIOUS_MOVE = YES;
				CLANG_WARN_UNGUARDED_AVAILABILITY = YES_AGGRESSIVE;
				CLANG_WARN_UNREACHABLE_CODE = YES;
				CLANG_WARN__DUPLICATE_METHOD_MATCH = YES;
				CODE_SIGN_IDENTITY = "iPhone Developer";
				COPY_PHASE_STRIP = NO;
				DEBUG_INFORMATION_FORMAT = dwarf;
				ENABLE_STRICT_OBJC_MSGSEND = YES;
				ENABLE_TESTABILITY = YES;
				GCC_C_LANGUAGE_STANDARD = gnu11;
				GCC_DYNAMIC_NO_PIC = NO;
				GCC_NO_COMMON_BLOCKS = YES;
				GCC_OPTIMIZATION_LEVEL = 0;
				GCC_PREPROCESSOR_DEFINITIONS = (
					"DEBUG=1",
					"$(inherited)",
				);
				GCC_WARN_64_TO_32_BIT_CONVERSION = YES;
				GCC_WARN_ABOUT_RETURN_TYPE = YES_ERROR;
				GCC_WARN_UNDECLARED_SELECTOR = YES;
				GCC_WARN_UNINITIALIZED_AUTOS = YES_AGGRESSIVE;
				GCC_WARN_UNUSED_FUNCTION = YES;
				GCC_WARN_UNUSED_VARIABLE = YES;
				IPHONEOS_DEPLOYMENT_TARGET = 12.1;
				MTL_ENABLE_DEBUG_INFO = INCLUDE_SOURCE;
				MTL_FAST_MATH = YES;
				ONLY_ACTIVE_ARCH = YES;
				SDKROOT = iphoneos;
				SWIFT_ACTIVE_COMPILATION_CONDITIONS = DEBUG;
				SWIFT_OPTIMIZATION_LEVEL = "-Onone";
			};
			name = Debug;
		};
		2887FB5A21D3F1E200EEE280 /* Release */ = {
			isa = XCBuildConfiguration;
			buildSettings = {
				ALWAYS_SEARCH_USER_PATHS = NO;
				CLANG_ANALYZER_NONNULL = YES;
				CLANG_ANALYZER_NUMBER_OBJECT_CONVERSION = YES_AGGRESSIVE;
				CLANG_CXX_LANGUAGE_STANDARD = "gnu++14";
				CLANG_CXX_LIBRARY = "libc++";
				CLANG_ENABLE_MODULES = YES;
				CLANG_ENABLE_OBJC_ARC = YES;
				CLANG_ENABLE_OBJC_WEAK = YES;
				CLANG_WARN_BLOCK_CAPTURE_AUTORELEASING = YES;
				CLANG_WARN_BOOL_CONVERSION = YES;
				CLANG_WARN_COMMA = YES;
				CLANG_WARN_CONSTANT_CONVERSION = YES;
				CLANG_WARN_DEPRECATED_OBJC_IMPLEMENTATIONS = YES;
				CLANG_WARN_DIRECT_OBJC_ISA_USAGE = YES_ERROR;
				CLANG_WARN_DOCUMENTATION_COMMENTS = YES;
				CLANG_WARN_EMPTY_BODY = YES;
				CLANG_WARN_ENUM_CONVERSION = YES;
				CLANG_WARN_INFINITE_RECURSION = YES;
				CLANG_WARN_INT_CONVERSION = YES;
				CLANG_WARN_NON_LITERAL_NULL_CONVERSION = YES;
				CLANG_WARN_OBJC_IMPLICIT_RETAIN_SELF = YES;
				CLANG_WARN_OBJC_LITERAL_CONVERSION = YES;
				CLANG_WARN_OBJC_ROOT_CLASS = YES_ERROR;
				CLANG_WARN_RANGE_LOOP_ANALYSIS = YES;
				CLANG_WARN_STRICT_PROTOTYPES = YES;
				CLANG_WARN_SUSPICIOUS_MOVE = YES;
				CLANG_WARN_UNGUARDED_AVAILABILITY = YES_AGGRESSIVE;
				CLANG_WARN_UNREACHABLE_CODE = YES;
				CLANG_WARN__DUPLICATE_METHOD_MATCH = YES;
				CODE_SIGN_IDENTITY = "iPhone Developer";
				COPY_PHASE_STRIP = NO;
				DEBUG_INFORMATION_FORMAT = "dwarf-with-dsym";
				ENABLE_NS_ASSERTIONS = NO;
				ENABLE_STRICT_OBJC_MSGSEND = YES;
				GCC_C_LANGUAGE_STANDARD = gnu11;
				GCC_NO_COMMON_BLOCKS = YES;
				GCC_WARN_64_TO_32_BIT_CONVERSION = YES;
				GCC_WARN_ABOUT_RETURN_TYPE = YES_ERROR;
				GCC_WARN_UNDECLARED_SELECTOR = YES;
				GCC_WARN_UNINITIALIZED_AUTOS = YES_AGGRESSIVE;
				GCC_WARN_UNUSED_FUNCTION = YES;
				GCC_WARN_UNUSED_VARIABLE = YES;
				IPHONEOS_DEPLOYMENT_TARGET = 12.1;
				MTL_ENABLE_DEBUG_INFO = NO;
				MTL_FAST_MATH = YES;
				SDKROOT = iphoneos;
				SWIFT_COMPILATION_MODE = wholemodule;
				SWIFT_OPTIMIZATION_LEVEL = "-O";
				VALIDATE_PRODUCT = YES;
			};
			name = Release;
		};
		2887FB5C21D3F1E200EEE280 /* Debug */ = {
			isa = XCBuildConfiguration;
			buildSettings = {
				ASSETCATALOG_COMPILER_APPICON_NAME = AppIcon;
				CODE_SIGN_STYLE = Automatic;
				INFOPLIST_FILE = test2/Info.plist;
				LD_RUNPATH_SEARCH_PATHS = (
					"$(inherited)",
					"@executable_path/Frameworks",
				);
				PRODUCT_BUNDLE_IDENTIFIER = p.test2;
				PRODUCT_NAME = "$(TARGET_NAME)";
				SWIFT_VERSION = 4.2;
				TARGETED_DEVICE_FAMILY = "1,2";
			};
			name = Debug;
		};
		2887FB5D21D3F1E200EEE280 /* Release */ = {
			isa = XCBuildConfiguration;
			buildSettings = {
				ASSETCATALOG_COMPILER_APPICON_NAME = AppIcon;
				CODE_SIGN_STYLE = Automatic;
				INFOPLIST_FILE = test2/Info.plist;
				LD_RUNPATH_SEARCH_PATHS = (
					"$(inherited)",
					"@executable_path/Frameworks",
				);
				PRODUCT_BUNDLE_IDENTIFIER = p.test2;
				PRODUCT_NAME = "$(TARGET_NAME)";
				SWIFT_VERSION = 4.2;
				TARGETED_DEVICE_FAMILY = "1,2";
			};
			name = Release;
		};
		2887FB5F21D3F1E200EEE280 /* Debug */ = {
			isa = XCBuildConfiguration;
			buildSettings = {
				ALWAYS_EMBED_SWIFT_STANDARD_LIBRARIES = YES;
				BUNDLE_LOADER = "$(TEST_HOST)";
				CODE_SIGN_STYLE = Automatic;
				INFOPLIST_FILE = test2Tests/Info.plist;
				LD_RUNPATH_SEARCH_PATHS = (
					"$(inherited)",
					"@executable_path/Frameworks",
					"@loader_path/Frameworks",
				);
				PRODUCT_BUNDLE_IDENTIFIER = p.test2Tests;
				PRODUCT_NAME = "$(TARGET_NAME)";
				SWIFT_VERSION = 4.2;
				TARGETED_DEVICE_FAMILY = "1,2";
				TEST_HOST = "$(BUILT_PRODUCTS_DIR)/test2.app/test2";
			};
			name = Debug;
		};
		2887FB6021D3F1E200EEE280 /* Release */ = {
			isa = XCBuildConfiguration;
			buildSettings = {
				ALWAYS_EMBED_SWIFT_STANDARD_LIBRARIES = YES;
				BUNDLE_LOADER = "$(TEST_HOST)";
				CODE_SIGN_STYLE = Automatic;
				INFOPLIST_FILE = test2Tests/Info.plist;
				LD_RUNPATH_SEARCH_PATHS = (
					"$(inherited)",
					"@executable_path/Frameworks",
					"@loader_path/Frameworks",
				);
				PRODUCT_BUNDLE_IDENTIFIER = p.test2Tests;
				PRODUCT_NAME = "$(TARGET_NAME)";
				SWIFT_VERSION = 4.2;
				TARGETED_DEVICE_FAMILY = "1,2";
				TEST_HOST = "$(BUILT_PRODUCTS_DIR)/test2.app/test2";
			};
			name = Release;
		};
		2887FB6221D3F1E200EEE280 /* Debug */ = {
			isa = XCBuildConfiguration;
			buildSettings = {
				ALWAYS_EMBED_SWIFT_STANDARD_LIBRARIES = YES;
				CODE_SIGN_STYLE = Automatic;
				INFOPLIST_FILE = test2UITests/Info.plist;
				LD_RUNPATH_SEARCH_PATHS = (
					"$(inherited)",
					"@executable_path/Frameworks",
					"@loader_path/Frameworks",
				);
				PRODUCT_BUNDLE_IDENTIFIER = p.test2UITests;
				PRODUCT_NAME = "$(TARGET_NAME)";
				SWIFT_VERSION = 4.2;
				TARGETED_DEVICE_FAMILY = "1,2";
				TEST_TARGET_NAME = test2;
			};
			name = Debug;
		};
		2887FB6321D3F1E200EEE280 /* Release */ = {
			isa = XCBuildConfiguration;
			buildSettings = {
				ALWAYS_EMBED_SWIFT_STANDARD_LIBRARIES = YES;
				CODE_SIGN_STYLE = Automatic;
				INFOPLIST_FILE = test2UITests/Info.plist;
				LD_RUNPATH_SEARCH_PATHS = (
					"$(inherited)",
					"@executable_path/Frameworks",
					"@loader_path/Frameworks",
				);
				PRODUCT_BUNDLE_IDENTIFIER = p.test2UITests;
				PRODUCT_NAME = "$(TARGET_NAME)";
				SWIFT_VERSION = 4.2;
				TARGETED_DEVICE_FAMILY = "1,2";
				TEST_TARGET_NAME = test2;
			};
			name = Release;
		};
/* End XCBuildConfiguration section */

/* Begin XCConfigurationList section */
		2887FB2E21D3F1E100EEE280 /* Build configuration list for PBXProject "test2" */ = {
			isa = XCConfigurationList;
			buildConfigurations = (
				2887FB5921D3F1E200EEE280 /* Debug */,
				2887FB5A21D3F1E200EEE280 /* Release */,
			);
			defaultConfigurationIsVisible = 0;
			defaultConfigurationName = Release;
		};
		2887FB5B21D3F1E200EEE280 /* Build configuration list for PBXNativeTarget "test2" */ = {
			isa = XCConfigurationList;
			buildConfigurations = (
				2887FB5C21D3F1E200EEE280 /* Debug */,
				2887FB5D21D3F1E200EEE280 /* Release */,
			);
			defaultConfigurationIsVisible = 0;
			defaultConfigurationName = Release;
		};
		2887FB5E21D3F1E200EEE280 /* Build configuration list for PBXNativeTarget "test2Tests" */ = {
			isa = XCConfigurationList;
			buildConfigurations = (
				2887FB5F21D3F1E200EEE280 /* Debug */,
				2887FB6021D3F1E200EEE280 /* Release */,
			);
			defaultConfigurationIsVisible = 0;
			defaultConfigurationName = Release;
		};
		2887FB6121D3F1E200EEE280 /* Build configuration list for PBXNativeTarget "test2UITests" */ = {
			isa = XCConfigurationList;
			buildConfigurations = (
				2887FB6221D3F1E200EEE280 /* Debug */,
				2887FB6321D3F1E200EEE280 /* Release */,
			);
			defaultConfigurationIsVisible = 0;
			defaultConfigurationName = Release;
		};
/* End XCConfigurationList section */
	};
	rootObject = 2887FB2B21D3F1E100EEE280 /* Project object */;
}
